
Microsoft Visual Studio Solution File, Format Version 12.00
# Visual Studio Version 17
VisualStudioVersion = 17.8.34408.163
MinimumVisualStudioVersion = 10.0.40219.1
Project("{FAE04EC0-301F-11D3-BF4B-00C04F79EFBC}") = "Another project", "Another project\Another project.csproj", "{0C032E4A-89BE-463E-AE15-60694C2AB70B}"
EndProject
Global
	GlobalSection(SolutionConfigurationPlatforms) = preSolution
		Debug|Any CPU = Debug|Any CPU
		Release|Any CPU = Release|Any CPU
	EndGlobalSection
	GlobalSection(ProjectConfigurationPlatforms) = postSolution
		{0C032E4A-89BE-463E-AE15-60694C2AB70B}.Debug|Any CPU.ActiveCfg = Debug|Any CPU
		{0C032E4A-89BE-463E-AE15-60694C2AB70B}.Debug|Any CPU.Build.0 = Debug|Any CPU
		{0C032E4A-89BE-463E-AE15-60694C2AB70B}.Release|Any CPU.ActiveCfg = Release|Any CPU
		{0C032E4A-89BE-463E-AE15-60694C2AB70B}.Release|Any CPU.Build.0 = Release|Any CPU
	EndGlobalSection
	GlobalSection(SolutionProperties) = preSolution
		HideSolutionNode = FALSE
	EndGlobalSection
	GlobalSection(ExtensibilityGlobals) = postSolution
		SolutionGuid = {8D2E2355-02DD-4B72-A250-70AE056E9D76}
	EndGlobalSection
EndGlobal
